// !$*UTF8*$!
{
	archiveVersion = 1;
	classes = {
	};
	objectVersion = 46;
	objects = {

/* Begin PBXBuildFile section */
		AE4B103A1CD0754200EFEF0F /* AppDelegate.swift in Sources */ = {isa = PBXBuildFile; fileRef = AE4B10391CD0754200EFEF0F /* AppDelegate.swift */; };
		AE4B103C1CD0754200EFEF0F /* ViewController.swift in Sources */ = {isa = PBXBuildFile; fileRef = AE4B103B1CD0754200EFEF0F /* ViewController.swift */; };
		AE4B103F1CD0754200EFEF0F /* Main.storyboard in Resources */ = {isa = PBXBuildFile; fileRef = AE4B103D1CD0754200EFEF0F /* Main.storyboard */; };
		AE4B10411CD0754200EFEF0F /* Assets.xcassets in Resources */ = {isa = PBXBuildFile; fileRef = AE4B10401CD0754200EFEF0F /* Assets.xcassets */; };
		AE4B10441CD0754200EFEF0F /* LaunchScreen.storyboard in Resources */ = {isa = PBXBuildFile; fileRef = AE4B10421CD0754200EFEF0F /* LaunchScreen.storyboard */; };
		AE4B104F1CD0754200EFEF0F /* iKidTests.swift in Sources */ = {isa = PBXBuildFile; fileRef = AE4B104E1CD0754200EFEF0F /* iKidTests.swift */; };
		AE4B105A1CD0754200EFEF0F /* iKidUITests.swift in Sources */ = {isa = PBXBuildFile; fileRef = AE4B10591CD0754200EFEF0F /* iKidUITests.swift */; };
/* End PBXBuildFile section */

/* Begin PBXContainerItemProxy section */
		AE4B104B1CD0754200EFEF0F /* PBXContainerItemProxy */ = {
			isa = PBXContainerItemProxy;
			containerPortal = AE4B102E1CD0754200EFEF0F /* Project object */;
			proxyType = 1;
			remoteGlobalIDString = AE4B10351CD0754200EFEF0F;
			remoteInfo = iKid;
		};
		AE4B10561CD0754200EFEF0F /* PBXContainerItemProxy */ = {
			isa = PBXContainerItemProxy;
			containerPortal = AE4B102E1CD0754200EFEF0F /* Project object */;
			proxyType = 1;
			remoteGlobalIDString = AE4B10351CD0754200EFEF0F;
			remoteInfo = iKid;
		};
/* End PBXContainerItemProxy section */

/* Begin PBXFileReference section */
		AE4B10361CD0754200EFEF0F /* iKid.app */ = {isa = PBXFileReference; explicitFileType = wrapper.application; includeInIndex = 0; path = iKid.app; sourceTree = BUILT_PRODUCTS_DIR; };
		AE4B10391CD0754200EFEF0F /* AppDelegate.swift */ = {isa = PBXFileReference; lastKnownFileType = sourcecode.swift; path = AppDelegate.swift; sourceTree = "<group>"; };
		AE4B103B1CD0754200EFEF0F /* ViewController.swift */ = {isa = PBXFileReference; lastKnownFileType = sourcecode.swift; path = ViewController.swift; sourceTree = "<group>"; };
		AE4B103E1CD0754200EFEF0F /* Base */ = {isa = PBXFileReference; lastKnownFileType = file.storyboard; name = Base; path = Base.lproj/Main.storyboard; sourceTree = "<group>"; };
		AE4B10401CD0754200EFEF0F /* Assets.xcassets */ = {isa = PBXFileReference; lastKnownFileType = folder.assetcatalog; path = Assets.xcassets; sourceTree = "<group>"; };
		AE4B10431CD0754200EFEF0F /* Base */ = {isa = PBXFileReference; lastKnownFileType = file.storyboard; name = Base; path = Base.lproj/LaunchScreen.storyboard; sourceTree = "<group>"; };
		AE4B10451CD0754200EFEF0F /* Info.plist */ = {isa = PBXFileReference; lastKnownFileType = text.plist.xml; path = Info.plist; sourceTree = "<group>"; };
		AE4B104A1CD0754200EFEF0F /* iKidTests.xctest */ = {isa = PBXFileReference; explicitFileType = wrapper.cfbundle; includeInIndex = 0; path = iKidTests.xctest; sourceTree = BUILT_PRODUCTS_DIR; };
		AE4B104E1CD0754200EFEF0F /* iKidTests.swift */ = {isa = PBXFileReference; lastKnownFileType = sourcecode.swift; path = iKidTests.swift; sourceTree = "<group>"; };
		AE4B10501CD0754200EFEF0F /* Info.plist */ = {isa = PBXFileReference; lastKnownFileType = text.plist.xml; path = Info.plist; sourceTree = "<group>"; };
		AE4B10551CD0754200EFEF0F /* iKidUITests.xctest */ = {isa = PBXFileReference; explicitFileType = wrapper.cfbundle; includeInIndex = 0; path = iKidUITests.xctest; sourceTree = BUILT_PRODUCTS_DIR; };
		AE4B10591CD0754200EFEF0F /* iKidUITests.swift */ = {isa = PBXFileReference; lastKnownFileType = sourcecode.swift; path = iKidUITests.swift; sourceTree = "<group>"; };
		AE4B105B1CD0754200EFEF0F /* Info.plist */ = {isa = PBXFileReference; lastKnownFileType = text.plist.xml; path = Info.plist; sourceTree = "<group>"; };
/* End PBXFileReference section */

/* Begin PBXFrameworksBuildPhase section */
		AE4B10331CD0754200EFEF0F /* Frameworks */ = {
			isa = PBXFrameworksBuildPhase;
			buildActionMask = 2147483647;
			files = (
			);
			runOnlyForDeploymentPostprocessing = 0;
		};
		AE4B10471CD0754200EFEF0F /* Frameworks */ = {
			isa = PBXFrameworksBuildPhase;
			buildActionMask = 2147483647;
			files = (
			);
			runOnlyForDeploymentPostprocessing = 0;
		};
		AE4B10521CD0754200EFEF0F /* Frameworks */ = {
			isa = PBXFrameworksBuildPhase;
			buildActionMask = 2147483647;
			files = (
			);
			runOnlyForDeploymentPostprocessing = 0;
		};
/* End PBXFrameworksBuildPhase section */

/* Begin PBXGroup section */
		AE4B102D1CD0754200EFEF0F = {
			isa = PBXGroup;
			children = (
				AE4B10381CD0754200EFEF0F /* iKid */,
				AE4B104D1CD0754200EFEF0F /* iKidTests */,
				AE4B10581CD0754200EFEF0F /* iKidUITests */,
				AE4B10371CD0754200EFEF0F /* Products */,
			);
			sourceTree = "<group>";
		};
		AE4B10371CD0754200EFEF0F /* Products */ = {
			isa = PBXGroup;
			children = (
				AE4B10361CD0754200EFEF0F /* iKid.app */,
				AE4B104A1CD0754200EFEF0F /* iKidTests.xctest */,
				AE4B10551CD0754200EFEF0F /* iKidUITests.xctest */,
			);
			name = Products;
			sourceTree = "<group>";
		};
		AE4B10381CD0754200EFEF0F /* iKid */ = {
			isa = PBXGroup;
			children = (
				AE4B10391CD0754200EFEF0F /* AppDelegate.swift */,
				AE4B103B1CD0754200EFEF0F /* ViewController.swift */,
				AE4B103D1CD0754200EFEF0F /* Main.storyboard */,
				AE4B10401CD0754200EFEF0F /* Assets.xcassets */,
				AE4B10421CD0754200EFEF0F /* LaunchScreen.storyboard */,
				AE4B10451CD0754200EFEF0F /* Info.plist */,
			);
			path = iKid;
			sourceTree = "<group>";
		};
		AE4B104D1CD0754200EFEF0F /* iKidTests */ = {
			isa = PBXGroup;
			children = (
				AE4B104E1CD0754200EFEF0F /* iKidTests.swift */,
				AE4B10501CD0754200EFEF0F /* Info.plist */,
			);
			path = iKidTests;
			sourceTree = "<group>";
		};
		AE4B10581CD0754200EFEF0F /* iKidUITests */ = {
			isa = PBXGroup;
			children = (
				AE4B10591CD0754200EFEF0F /* iKidUITests.swift */,
				AE4B105B1CD0754200EFEF0F /* Info.plist */,
			);
			path = iKidUITests;
			sourceTree = "<group>";
		};
/* End PBXGroup section */

/* Begin PBXNativeTarget section */
		AE4B10351CD0754200EFEF0F /* iKid */ = {
			isa = PBXNativeTarget;
			buildConfigurationList = AE4B105E1CD0754200EFEF0F /* Build configuration list for PBXNativeTarget "iKid" */;
			buildPhases = (
				AE4B10321CD0754200EFEF0F /* Sources */,
				AE4B10331CD0754200EFEF0F /* Frameworks */,
				AE4B10341CD0754200EFEF0F /* Resources */,
			);
			buildRules = (
			);
			dependencies = (
			);
			name = iKid;
			productName = iKid;
			productReference = AE4B10361CD0754200EFEF0F /* iKid.app */;
			productType = "com.apple.product-type.application";
		};
		AE4B10491CD0754200EFEF0F /* iKidTests */ = {
			isa = PBXNativeTarget;
			buildConfigurationList = AE4B10611CD0754200EFEF0F /* Build configuration list for PBXNativeTarget "iKidTests" */;
			buildPhases = (
				AE4B10461CD0754200EFEF0F /* Sources */,
				AE4B10471CD0754200EFEF0F /* Frameworks */,
				AE4B10481CD0754200EFEF0F /* Resources */,
			);
			buildRules = (
			);
			dependencies = (
				AE4B104C1CD0754200EFEF0F /* PBXTargetDependency */,
			);
			name = iKidTests;
			productName = iKidTests;
			productReference = AE4B104A1CD0754200EFEF0F /* iKidTests.xctest */;
			productType = "com.apple.product-type.bundle.unit-test";
		};
		AE4B10541CD0754200EFEF0F /* iKidUITests */ = {
			isa = PBXNativeTarget;
			buildConfigurationList = AE4B10641CD0754200EFEF0F /* Build configuration list for PBXNativeTarget "iKidUITests" */;
			buildPhases = (
				AE4B10511CD0754200EFEF0F /* Sources */,
				AE4B10521CD0754200EFEF0F /* Frameworks */,
				AE4B10531CD0754200EFEF0F /* Resources */,
			);
			buildRules = (
			);
			dependencies = (
				AE4B10571CD0754200EFEF0F /* PBXTargetDependency */,
			);
			name = iKidUITests;
			productName = iKidUITests;
			productReference = AE4B10551CD0754200EFEF0F /* iKidUITests.xctest */;
			productType = "com.apple.product-type.bundle.ui-testing";
		};
/* End PBXNativeTarget section */

/* Begin PBXProject section */
		AE4B102E1CD0754200EFEF0F /* Project object */ = {
			isa = PBXProject;
			attributes = {
				LastSwiftUpdateCheck = 0730;
				LastUpgradeCheck = 0730;
				ORGANIZATIONNAME = "Xiaowen Feng";
				TargetAttributes = {
					AE4B10351CD0754200EFEF0F = {
						CreatedOnToolsVersion = 7.3;
						DevelopmentTeam = 33G7MEJKT7;
					};
					AE4B10491CD0754200EFEF0F = {
						CreatedOnToolsVersion = 7.3;
						DevelopmentTeam = 33G7MEJKT7;
						TestTargetID = AE4B10351CD0754200EFEF0F;
					};
					AE4B10541CD0754200EFEF0F = {
						CreatedOnToolsVersion = 7.3;
						DevelopmentTeam = 33G7MEJKT7;
						TestTargetID = AE4B10351CD0754200EFEF0F;
					};
				};
			};
			buildConfigurationList = AE4B10311CD0754200EFEF0F /* Build configuration list for PBXProject "iKid" */;
			compatibilityVersion = "Xcode 3.2";
			developmentRegion = English;
			hasScannedForEncodings = 0;
			knownRegions = (
				en,
				Base,
			);
			mainGroup = AE4B102D1CD0754200EFEF0F;
			productRefGroup = AE4B10371CD0754200EFEF0F /* Products */;
			projectDirPath = "";
			projectRoot = "";
			targets = (
				AE4B10351CD0754200EFEF0F /* iKid */,
				AE4B10491CD0754200EFEF0F /* iKidTests */,
				AE4B10541CD0754200EFEF0F /* iKidUITests */,
			);
		};
/* End PBXProject section */

/* Begin PBXResourcesBuildPhase section */
		AE4B10341CD0754200EFEF0F /* Resources */ = {
			isa = PBXResourcesBuildPhase;
			buildActionMask = 2147483647;
			files = (
				AE4B10441CD0754200EFEF0F /* LaunchScreen.storyboard in Resources */,
				AE4B10411CD0754200EFEF0F /* Assets.xcassets in Resources */,
				AE4B103F1CD0754200EFEF0F /* Main.storyboard in Resources */,
			);
			runOnlyForDeploymentPostprocessing = 0;
		};
		AE4B10481CD0754200EFEF0F /* Resources */ = {
			isa = PBXResourcesBuildPhase;
			buildActionMask = 2147483647;
			files = (
			);
			runOnlyForDeploymentPostprocessing = 0;
		};
		AE4B10531CD0754200EFEF0F /* Resources */ = {
			isa = PBXResourcesBuildPhase;
			buildActionMask = 2147483647;
			files = (
			);
			runOnlyForDeploymentPostprocessing = 0;
		};
/* End PBXResourcesBuildPhase section */

/* Begin PBXSourcesBuildPhase section */
		AE4B10321CD0754200EFEF0F /* Sources */ = {
			isa = PBXSourcesBuildPhase;
			buildActionMask = 2147483647;
			files = (
				AE4B103C1CD0754200EFEF0F /* ViewController.swift in Sources */,
				AE4B103A1CD0754200EFEF0F /* AppDelegate.swift in Sources */,
			);
			runOnlyForDeploymentPostprocessing = 0;
		};
		AE4B10461CD0754200EFEF0F /* Sources */ = {
			isa = PBXSourcesBuildPhase;
			buildActionMask = 2147483647;
			files = (
				AE4B104F1CD0754200EFEF0F /* iKidTests.swift in Sources */,
			);
			runOnlyForDeploymentPostprocessing = 0;
		};
		AE4B10511CD0754200EFEF0F /* Sources */ = {
			isa = PBXSourcesBuildPhase;
			buildActionMask = 2147483647;
			files = (
				AE4B105A1CD0754200EFEF0F /* iKidUITests.swift in Sources */,
			);
			runOnlyForDeploymentPostprocessing = 0;
		};
/* End PBXSourcesBuildPhase section */

/* Begin PBXTargetDependency section */
		AE4B104C1CD0754200EFEF0F /* PBXTargetDependency */ = {
			isa = PBXTargetDependency;
			target = AE4B10351CD0754200EFEF0F /* iKid */;
			targetProxy = AE4B104B1CD0754200EFEF0F /* PBXContainerItemProxy */;
		};
		AE4B10571CD0754200EFEF0F /* PBXTargetDependency */ = {
			isa = PBXTargetDependency;
			target = AE4B10351CD0754200EFEF0F /* iKid */;
			targetProxy = AE4B10561CD0754200EFEF0F /* PBXContainerItemProxy */;
		};
/* End PBXTargetDependency section */

/* Begin PBXVariantGroup section */
		AE4B103D1CD0754200EFEF0F /* Main.storyboard */ = {
			isa = PBXVariantGroup;
			children = (
				AE4B103E1CD0754200EFEF0F /* Base */,
			);
			name = Main.storyboard;
			sourceTree = "<group>";
		};
		AE4B10421CD0754200EFEF0F /* LaunchScreen.storyboard */ = {
			isa = PBXVariantGroup;
			children = (
				AE4B10431CD0754200EFEF0F /* Base */,
			);
			name = LaunchScreen.storyboard;
			sourceTree = "<group>";
		};
/* End PBXVariantGroup section */

/* Begin XCBuildConfiguration section */
		AE4B105C1CD0754200EFEF0F /* Debug */ = {
			isa = XCBuildConfiguration;
			buildSettings = {
				ALWAYS_SEARCH_USER_PATHS = NO;
				CLANG_ANALYZER_NONNULL = YES;
				CLANG_CXX_LANGUAGE_STANDARD = "gnu++0x";
				CLANG_CXX_LIBRARY = "libc++";
				CLANG_ENABLE_MODULES = YES;
				CLANG_ENABLE_OBJC_ARC = YES;
				CLANG_WARN_BOOL_CONVERSION = YES;
				CLANG_WARN_CONSTANT_CONVERSION = YES;
				CLANG_WARN_DIRECT_OBJC_ISA_USAGE = YES_ERROR;
				CLANG_WARN_EMPTY_BODY = YES;
				CLANG_WARN_ENUM_CONVERSION = YES;
				CLANG_WARN_INT_CONVERSION = YES;
				CLANG_WARN_OBJC_ROOT_CLASS = YES_ERROR;
				CLANG_WARN_UNREACHABLE_CODE = YES;
				CLANG_WARN__DUPLICATE_METHOD_MATCH = YES;
				"CODE_SIGN_IDENTITY[sdk=iphoneos*]" = "iPhone Developer";
				COPY_PHASE_STRIP = NO;
				DEBUG_INFORMATION_FORMAT = dwarf;
				ENABLE_STRICT_OBJC_MSGSEND = YES;
				ENABLE_TESTABILITY = YES;
				GCC_C_LANGUAGE_STANDARD = gnu99;
				GCC_DYNAMIC_NO_PIC = NO;
				GCC_NO_COMMON_BLOCKS = YES;
				GCC_OPTIMIZATION_LEVEL = 0;
				GCC_PREPROCESSOR_DEFINITIONS = (
					"DEBUG=1",
					"$(inherited)",
				);
				GCC_WARN_64_TO_32_BIT_CONVERSION = YES;
				GCC_WARN_ABOUT_RETURN_TYPE = YES_ERROR;
				GCC_WARN_UNDECLARED_SELECTOR = YES;
				GCC_WARN_UNINITIALIZED_AUTOS = YES_AGGRESSIVE;
				GCC_WARN_UNUSED_FUNCTION = YES;
				GCC_WARN_UNUSED_VARIABLE = YES;
				IPHONEOS_DEPLOYMENT_TARGET = 9.3;
				MTL_ENABLE_DEBUG_INFO = YES;
				ONLY_ACTIVE_ARCH = YES;
				SDKROOT = iphoneos;
				SWIFT_OPTIMIZATION_LEVEL = "-Onone";
			};
			name = Debug;
		};
		AE4B105D1CD0754200EFEF0F /* Release */ = {
			isa = XCBuildConfiguration;
			buildSettings = {
				ALWAYS_SEARCH_USER_PATHS = NO;
				CLANG_ANALYZER_NONNULL = YES;
				CLANG_CXX_LANGUAGE_STANDARD = "gnu++0x";
				CLANG_CXX_LIBRARY = "libc++";
				CLANG_ENABLE_MODULES = YES;
				CLANG_ENABLE_OBJC_ARC = YES;
				CLANG_WARN_BOOL_CONVERSION = YES;
				CLANG_WARN_CONSTANT_CONVERSION = YES;
				CLANG_WARN_DIRECT_OBJC_ISA_USAGE = YES_ERROR;
				CLANG_WARN_EMPTY_BODY = YES;
				CLANG_WARN_ENUM_CONVERSION = YES;
				CLANG_WARN_INT_CONVERSION = YES;
				CLANG_WARN_OBJC_ROOT_CLASS = YES_ERROR;
				CLANG_WARN_UNREACHABLE_CODE = YES;
				CLANG_WARN__DUPLICATE_METHOD_MATCH = YES;
				"CODE_SIGN_IDENTITY[sdk=iphoneos*]" = "iPhone Developer";
				COPY_PHASE_STRIP = NO;
				DEBUG_INFORMATION_FORMAT = "dwarf-with-dsym";
				ENABLE_NS_ASSERTIONS = NO;
				ENABLE_STRICT_OBJC_MSGSEND = YES;
				GCC_C_LANGUAGE_STANDARD = gnu99;
				GCC_NO_COMMON_BLOCKS = YES;
				GCC_WARN_64_TO_32_BIT_CONVERSION = YES;
				GCC_WARN_ABOUT_RETURN_TYPE = YES_ERROR;
				GCC_WARN_UNDECLARED_SELECTOR = YES;
				GCC_WARN_UNINITIALIZED_AUTOS = YES_AGGRESSIVE;
				GCC_WARN_UNUSED_FUNCTION = YES;
				GCC_WARN_UNUSED_VARIABLE = YES;
				IPHONEOS_DEPLOYMENT_TARGET = 9.3;
				MTL_ENABLE_DEBUG_INFO = NO;
				SDKROOT = iphoneos;
				VALIDATE_PRODUCT = YES;
			};
			name = Release;
		};
		AE4B105F1CD0754200EFEF0F /* Debug */ = {
			isa = XCBuildConfiguration;
			buildSettings = {
				ASSETCATALOG_COMPILER_APPICON_NAME = AppIcon;
				INFOPLIST_FILE = iKid/Info.plist;
				LD_RUNPATH_SEARCH_PATHS = "$(inherited) @executable_path/Frameworks";
				PRODUCT_BUNDLE_IDENTIFIER = "Xiaowen-iOS.iKid";
				PRODUCT_NAME = "$(TARGET_NAME)";
				TARGETED_DEVICE_FAMILY = "1,2";
			};
			name = Debug;
		};
		AE4B10601CD0754200EFEF0F /* Release */ = {
			isa = XCBuildConfiguration;
			buildSettings = {
				ASSETCATALOG_COMPILER_APPICON_NAME = AppIcon;
				INFOPLIST_FILE = iKid/Info.plist;
				LD_RUNPATH_SEARCH_PATHS = "$(inherited) @executable_path/Frameworks";
				PRODUCT_BUNDLE_IDENTIFIER = "Xiaowen-iOS.iKid";
				PRODUCT_NAME = "$(TARGET_NAME)";
				TARGETED_DEVICE_FAMILY = "1,2";
			};
			name = Release;
		};
		AE4B10621CD0754200EFEF0F /* Debug */ = {
			isa = XCBuildConfiguration;
			buildSettings = {
				BUNDLE_LOADER = "$(TEST_HOST)";
				INFOPLIST_FILE = iKidTests/Info.plist;
				LD_RUNPATH_SEARCH_PATHS = "$(inherited) @executable_path/Frameworks @loader_path/Frameworks";
				PRODUCT_BUNDLE_IDENTIFIER = "Xiaowen-iOS.iKidTests";
				PRODUCT_NAME = "$(TARGET_NAME)";
				TEST_HOST = "$(BUILT_PRODUCTS_DIR)/iKid.app/iKid";
			};
			name = Debug;
		};
		AE4B10631CD0754200EFEF0F /* Release */ = {
			isa = XCBuildConfiguration;
			buildSettings = {
				BUNDLE_LOADER = "$(TEST_HOST)";
				INFOPLIST_FILE = iKidTests/Info.plist;
				LD_RUNPATH_SEARCH_PATHS = "$(inherited) @executable_path/Frameworks @loader_path/Frameworks";
				PRODUCT_BUNDLE_IDENTIFIER = "Xiaowen-iOS.iKidTests";
				PRODUCT_NAME = "$(TARGET_NAME)";
				TEST_HOST = "$(BUILT_PRODUCTS_DIR)/iKid.app/iKid";
			};
			name = Release;
		};
		AE4B10651CD0754200EFEF0F /* Debug */ = {
			isa = XCBuildConfiguration;
			buildSettings = {
				INFOPLIST_FILE = iKidUITests/Info.plist;
				LD_RUNPATH_SEARCH_PATHS = "$(inherited) @executable_path/Frameworks @loader_path/Frameworks";
				PRODUCT_BUNDLE_IDENTIFIER = "Xiaowen-iOS.iKidUITests";
				PRODUCT_NAME = "$(TARGET_NAME)";
				TEST_TARGET_NAME = iKid;
			};
			name = Debug;
		};
		AE4B10661CD0754200EFEF0F /* Release */ = {
			isa = XCBuildConfiguration;
			buildSettings = {
				INFOPLIST_FILE = iKidUITests/Info.plist;
				LD_RUNPATH_SEARCH_PATHS = "$(inherited) @executable_path/Frameworks @loader_path/Frameworks";
				PRODUCT_BUNDLE_IDENTIFIER = "Xiaowen-iOS.iKidUITests";
				PRODUCT_NAME = "$(TARGET_NAME)";
				TEST_TARGET_NAME = iKid;
			};
			name = Release;
		};
/* End XCBuildConfiguration section */

/* Begin XCConfigurationList section */
		AE4B10311CD0754200EFEF0F /* Build configuration list for PBXProject "iKid" */ = {
			isa = XCConfigurationList;
			buildConfigurations = (
				AE4B105C1CD0754200EFEF0F /* Debug */,
				AE4B105D1CD0754200EFEF0F /* Release */,
			);
			defaultConfigurationIsVisible = 0;
			defaultConfigurationName = Release;
		};
		AE4B105E1CD0754200EFEF0F /* Build configuration list for PBXNativeTarget "iKid" */ = {
			isa = XCConfigurationList;
			buildConfigurations = (
				AE4B105F1CD0754200EFEF0F /* Debug */,
				AE4B10601CD0754200EFEF0F /* Release */,
			);
			defaultConfigurationIsVisible = 0;
			defaultConfigurationName = Release;
		};
		AE4B10611CD0754200EFEF0F /* Build configuration list for PBXNativeTarget "iKidTests" */ = {
			isa = XCConfigurationList;
			buildConfigurations = (
				AE4B10621CD0754200EFEF0F /* Debug */,
				AE4B10631CD0754200EFEF0F /* Release */,
			);
			defaultConfigurationIsVisible = 0;
			defaultConfigurationName = Release;
		};
		AE4B10641CD0754200EFEF0F /* Build configuration list for PBXNativeTarget "iKidUITests" */ = {
			isa = XCConfigurationList;
			buildConfigurations = (
				AE4B10651CD0754200EFEF0F /* Debug */,
				AE4B10661CD0754200EFEF0F /* Release */,
			);
			defaultConfigurationIsVisible = 0;
			defaultConfigurationName = Release;
		};
/* End XCConfigurationList section */
	};
	rootObject = AE4B102E1CD0754200EFEF0F /* Project object */;
}
